Microsoft Visual Studio Solution File, Format Version 12.00
# Visual Studio Version 17
VisualStudioVersion = 17.2.32616.157
MinimumVisualStudioVersion = 10.0.40219.1
Project("{2150E333-8FDC-42A3-9474-1A3956D46DE8}") = "src", "src", "{E13052DF-B1FA-43A6-9CBF-4A84D348D293}"
EndProject
Project("{2150E333-8FDC-42A3-9474-1A3956D46DE8}") = "tests", "tests", "{A4A44382-E93C-4C5B-B9D5-F9503C143CA3}"
EndProject
Project("{2150E333-8FDC-42A3-9474-1A3956D46DE8}") = "sepg", "sepg", "{0E41084B-F42D-48D8-A596-B4B08FC6A0A1}"
	ProjectSection(SolutionItems) = preProject
		..\official-build.props = ..\official-build.props
		pom.xml = pom.xml
	EndProjectSection
EndProject
Project("{9A19103F-16F7-4668-BE54-9A1E7A4F7556}") = "MicroFocus.CafApi.QueryBuilder", "src\MicroFocus.CafApi.QueryBuilder\MicroFocus.CafApi.QueryBuilder.csproj", "{B166407E-8C41-4567-9D97-4BAAAF22ED5E}"
EndProject
Project("{FAE04EC0-301F-11D3-BF4B-00C04F79EFBC}") = "MicroFocus.CafApi.QueryBuilder.Matcher", "src\MicroFocus.CafApi.QueryBuilder.Matcher\MicroFocus.CafApi.QueryBuilder.Matcher.csproj", "{B2C95B3E-5B41-4B2A-852C-EF22A57EE663}"
EndProject
Project("{FAE04EC0-301F-11D3-BF4B-00C04F79EFBC}") = "MicroFocus.CafApi.QueryBuilder.Matcher.Tests", "tests\MicroFocus.CafApi.QueryBuilder.Matcher.Tests\MicroFocus.CafApi.QueryBuilder.Matcher.Tests.csproj", "{615EDEF2-D8EB-4155-9759-2497AEEF0F23}"
EndProject
Global
	GlobalSection(SolutionConfigurationPlatforms) = preSolution
		Debug|Any CPU = Debug|Any CPU
		Release|Any CPU = Release|Any CPU
	EndGlobalSection
	GlobalSection(ProjectConfigurationPlatforms) = postSolution
		{B166407E-8C41-4567-9D97-4BAAAF22ED5E}.Debug|Any CPU.ActiveCfg = Debug|Any CPU
		{B166407E-8C41-4567-9D97-4BAAAF22ED5E}.Debug|Any CPU.Build.0 = Debug|Any CPU
		{B166407E-8C41-4567-9D97-4BAAAF22ED5E}.Release|Any CPU.ActiveCfg = Release|Any CPU
		{B166407E-8C41-4567-9D97-4BAAAF22ED5E}.Release|Any CPU.Build.0 = Release|Any CPU
		{B2C95B3E-5B41-4B2A-852C-EF22A57EE663}.Debug|Any CPU.ActiveCfg = Debug|Any CPU
		{B2C95B3E-5B41-4B2A-852C-EF22A57EE663}.Debug|Any CPU.Build.0 = Debug|Any CPU
		{B2C95B3E-5B41-4B2A-852C-EF22A57EE663}.Release|Any CPU.ActiveCfg = Release|Any CPU
		{B2C95B3E-5B41-4B2A-852C-EF22A57EE663}.Release|Any CPU.Build.0 = Release|Any CPU
		{615EDEF2-D8EB-4155-9759-2497AEEF0F23}.Debug|Any CPU.ActiveCfg = Debug|Any CPU
		{615EDEF2-D8EB-4155-9759-2497AEEF0F23}.Debug|Any CPU.Build.0 = Debug|Any CPU
		{615EDEF2-D8EB-4155-9759-2497AEEF0F23}.Release|Any CPU.ActiveCfg = Release|Any CPU
		{615EDEF2-D8EB-4155-9759-2497AEEF0F23}.Release|Any CPU.Build.0 = Release|Any CPU
	EndGlobalSection
	GlobalSection(SolutionProperties) = preSolution
		HideSolutionNode = FALSE
	EndGlobalSection
	GlobalSection(NestedProjects) = preSolution
		{B166407E-8C41-4567-9D97-4BAAAF22ED5E} = {E13052DF-B1FA-43A6-9CBF-4A84D348D293}
		{B2C95B3E-5B41-4B2A-852C-EF22A57EE663} = {E13052DF-B1FA-43A6-9CBF-4A84D348D293}
		{615EDEF2-D8EB-4155-9759-2497AEEF0F23} = {A4A44382-E93C-4C5B-B9D5-F9503C143CA3}
	EndGlobalSection
	GlobalSection(ExtensibilityGlobals) = postSolution
		SolutionGuid = {3A1CA9E5-8E7E-4B28-9389-8D9110FFF23B}
	EndGlobalSection
EndGlobal
